
Microsoft Visual Studio Solution File, Format Version 12.00
# Visual Studio Version 16
VisualStudioVersion = 16.0.30626.31
MinimumVisualStudioVersion = 10.0.40219.1
Project("{9A19103F-16F7-4668-BE54-9A1E7A4F7556}") = "Domain", "src2\Domain\Domain.csproj", "{417FF05F-0349-403C-8CF3-A44017118B58}"
EndProject
Project("{FAE04EC0-301F-11D3-BF4B-00C04F79EFBC}") = "Services", "src2\Services\Services.csproj", "{6D643C18-5A8B-4918-BE74-835E5367CB44}"
EndProject
Global
	GlobalSection(SolutionConfigurationPlatforms) = preSolution
		Debug|Any CPU = Debug|Any CPU
		Release|Any CPU = Release|Any CPU
	EndGlobalSection
	GlobalSection(ProjectConfigurationPlatforms) = postSolution
		{417FF05F-0349-403C-8CF3-A44017118B58}.Debug|Any CPU.ActiveCfg = Debug|Any CPU
		{417FF05F-0349-403C-8CF3-A44017118B58}.Debug|Any CPU.Build.0 = Debug|Any CPU
		{417FF05F-0349-403C-8CF3-A44017118B58}.Release|Any CPU.ActiveCfg = Release|Any CPU
		{417FF05F-0349-403C-8CF3-A44017118B58}.Release|Any CPU.Build.0 = Release|Any CPU
		{6D643C18-5A8B-4918-BE74-835E5367CB44}.Debug|Any CPU.ActiveCfg = Debug|Any CPU
		{6D643C18-5A8B-4918-BE74-835E5367CB44}.Debug|Any CPU.Build.0 = Debug|Any CPU
		{6D643C18-5A8B-4918-BE74-835E5367CB44}.Release|Any CPU.ActiveCfg = Release|Any CPU
		{6D643C18-5A8B-4918-BE74-835E5367CB44}.Release|Any CPU.Build.0 = Release|Any CPU
	EndGlobalSection
	GlobalSection(SolutionProperties) = preSolution
		HideSolutionNode = FALSE
	EndGlobalSection
	GlobalSection(ExtensibilityGlobals) = postSolution
		SolutionGuid = {A972BD68-E2AF-47BE-8C09-CEF349A0E99A}
	EndGlobalSection
EndGlobal
